
Microsoft Visual Studio Solution File, Format Version 12.00
# Visual Studio Version 16
VisualStudioVersion = 16.0.33529.622
MinimumVisualStudioVersion = 10.0.40219.1
Project("{FAE04EC0-301F-11D3-BF4B-00C04F79EFBC}") = "PruebaPokedex", "PruebaPokedex\PruebaPokedex.csproj", "{BADD2829-3DD0-4658-8E5A-D77ECF7EBEA7}"
EndProject
Global
	GlobalSection(SolutionConfigurationPlatforms) = preSolution
		Debug|Any CPU = Debug|Any CPU
		Release|Any CPU = Release|Any CPU
	EndGlobalSection
	GlobalSection(ProjectConfigurationPlatforms) = postSolution
		{BADD2829-3DD0-4658-8E5A-D77ECF7EBEA7}.Debug|Any CPU.ActiveCfg = Debug|Any CPU
		{BADD2829-3DD0-4658-8E5A-D77ECF7EBEA7}.Debug|Any CPU.Build.0 = Debug|Any CPU
		{BADD2829-3DD0-4658-8E5A-D77ECF7EBEA7}.Release|Any CPU.ActiveCfg = Release|Any CPU
		{BADD2829-3DD0-4658-8E5A-D77ECF7EBEA7}.Release|Any CPU.Build.0 = Release|Any CPU
	EndGlobalSection
	GlobalSection(SolutionProperties) = preSolution
		HideSolutionNode = FALSE
	EndGlobalSection
	GlobalSection(ExtensibilityGlobals) = postSolution
		SolutionGuid = {D734A217-96A7-4FB3-A3D7-A863E1FF77D4}
	EndGlobalSection
EndGlobal
